// !$*UTF8*$!
{
	archiveVersion = 1;
	classes = {
	};
	objectVersion = 56;
	objects = {

/* Begin PBXBuildFile section */
		69A28E232AD1EAF800C936AA /* AppDelegate.swift in Sources */ = {isa = PBXBuildFile; fileRef = 69A28E222AD1EAF800C936AA /* AppDelegate.swift */; };
		69A28E252AD1EAF800C936AA /* SceneDelegate.swift in Sources */ = {isa = PBXBuildFile; fileRef = 69A28E242AD1EAF800C936AA /* SceneDelegate.swift */; };
		69A28E272AD1EAF800C936AA /* HomeViewController.swift in Sources */ = {isa = PBXBuildFile; fileRef = 69A28E262AD1EAF800C936AA /* HomeViewController.swift */; };
		69A28E2A2AD1EAF800C936AA /* Main.storyboard in Resources */ = {isa = PBXBuildFile; fileRef = 69A28E282AD1EAF800C936AA /* Main.storyboard */; };
		69A28E2C2AD1EAFB00C936AA /* Assets.xcassets in Resources */ = {isa = PBXBuildFile; fileRef = 69A28E2B2AD1EAFB00C936AA /* Assets.xcassets */; };
		69A28E2F2AD1EAFB00C936AA /* LaunchScreen.storyboard in Resources */ = {isa = PBXBuildFile; fileRef = 69A28E2D2AD1EAFB00C936AA /* LaunchScreen.storyboard */; };
		69A28E372AD22B2600C936AA /* HomeNavController.swift in Sources */ = {isa = PBXBuildFile; fileRef = 69A28E362AD22B2600C936AA /* HomeNavController.swift */; };
		69A28E392AD232F000C936AA /* SearchTableViewController.swift in Sources */ = {isa = PBXBuildFile; fileRef = 69A28E382AD232EF00C936AA /* SearchTableViewController.swift */; };
		69A2D5732AD23C1300AF5262 /* NotifViewController.swift in Sources */ = {isa = PBXBuildFile; fileRef = 69A2D5722AD23C1300AF5262 /* NotifViewController.swift */; };
		69A2D5772AD23DB600AF5262 /* ConstantsAndFuncs.swift in Sources */ = {isa = PBXBuildFile; fileRef = 69A2D5762AD23DB600AF5262 /* ConstantsAndFuncs.swift */; };
		69A2D5792AD25C4100AF5262 /* ProfileTableViewController.swift in Sources */ = {isa = PBXBuildFile; fileRef = 69A2D5782AD25C4100AF5262 /* ProfileTableViewController.swift */; };
		69A2D57B2AD2787A00AF5262 /* AccountViewController.swift in Sources */ = {isa = PBXBuildFile; fileRef = 69A2D57A2AD2787A00AF5262 /* AccountViewController.swift */; };
		69A2D57D2AD2962100AF5262 /* VehiclesTableViewController.swift in Sources */ = {isa = PBXBuildFile; fileRef = 69A2D57C2AD2962100AF5262 /* VehiclesTableViewController.swift */; };
		69A2D57F2AD29B7B00AF5262 /* Car1ViewController.swift in Sources */ = {isa = PBXBuildFile; fileRef = 69A2D57E2AD29B7B00AF5262 /* Car1ViewController.swift */; };
		69BC7EC02AD2C46B00BE97EF /* HouseReminderAddViewController.swift in Sources */ = {isa = PBXBuildFile; fileRef = 69BC7EBF2AD2C46B00BE97EF /* HouseReminderAddViewController.swift */; };
		69CD43A72AD2B8DF00F01F35 /* RemindersTableViewController.swift in Sources */ = {isa = PBXBuildFile; fileRef = 69CD43A62AD2B8DF00F01F35 /* RemindersTableViewController.swift */; };
		69CD43A92AD2C25A00F01F35 /* PropertyTableViewController.swift in Sources */ = {isa = PBXBuildFile; fileRef = 69CD43A82AD2C25A00F01F35 /* PropertyTableViewController.swift */; };
/* End PBXBuildFile section */

/* Begin PBXFileReference section */
		69A28E1F2AD1EAF800C936AA /* HackUTAProject.app */ = {isa = PBXFileReference; explicitFileType = wrapper.application; includeInIndex = 0; path = HackUTAProject.app; sourceTree = BUILT_PRODUCTS_DIR; };
		69A28E222AD1EAF800C936AA /* AppDelegate.swift */ = {isa = PBXFileReference; lastKnownFileType = sourcecode.swift; path = AppDelegate.swift; sourceTree = "<group>"; };
		69A28E242AD1EAF800C936AA /* SceneDelegate.swift */ = {isa = PBXFileReference; lastKnownFileType = sourcecode.swift; path = SceneDelegate.swift; sourceTree = "<group>"; };
		69A28E262AD1EAF800C936AA /* HomeViewController.swift */ = {isa = PBXFileReference; lastKnownFileType = sourcecode.swift; path = HomeViewController.swift; sourceTree = "<group>"; };
		69A28E292AD1EAF800C936AA /* Base */ = {isa = PBXFileReference; lastKnownFileType = file.storyboard; name = Base; path = Base.lproj/Main.storyboard; sourceTree = "<group>"; };
		69A28E2B2AD1EAFB00C936AA /* Assets.xcassets */ = {isa = PBXFileReference; lastKnownFileType = folder.assetcatalog; path = Assets.xcassets; sourceTree = "<group>"; };
		69A28E2E2AD1EAFB00C936AA /* Base */ = {isa = PBXFileReference; lastKnownFileType = file.storyboard; name = Base; path = Base.lproj/LaunchScreen.storyboard; sourceTree = "<group>"; };
		69A28E302AD1EAFB00C936AA /* Info.plist */ = {isa = PBXFileReference; lastKnownFileType = text.plist.xml; path = Info.plist; sourceTree = "<group>"; };
		69A28E362AD22B2600C936AA /* HomeNavController.swift */ = {isa = PBXFileReference; lastKnownFileType = sourcecode.swift; path = HomeNavController.swift; sourceTree = "<group>"; };
		69A28E382AD232EF00C936AA /* SearchTableViewController.swift */ = {isa = PBXFileReference; lastKnownFileType = sourcecode.swift; path = SearchTableViewController.swift; sourceTree = "<group>"; };
		69A2D5722AD23C1300AF5262 /* NotifViewController.swift */ = {isa = PBXFileReference; lastKnownFileType = sourcecode.swift; path = NotifViewController.swift; sourceTree = "<group>"; };
		69A2D5762AD23DB600AF5262 /* ConstantsAndFuncs.swift */ = {isa = PBXFileReference; lastKnownFileType = sourcecode.swift; path = ConstantsAndFuncs.swift; sourceTree = "<group>"; };
		69A2D5782AD25C4100AF5262 /* ProfileTableViewController.swift */ = {isa = PBXFileReference; lastKnownFileType = sourcecode.swift; path = ProfileTableViewController.swift; sourceTree = "<group>"; };
		69A2D57A2AD2787A00AF5262 /* AccountViewController.swift */ = {isa = PBXFileReference; lastKnownFileType = sourcecode.swift; path = AccountViewController.swift; sourceTree = "<group>"; };
		69A2D57C2AD2962100AF5262 /* VehiclesTableViewController.swift */ = {isa = PBXFileReference; lastKnownFileType = sourcecode.swift; path = VehiclesTableViewController.swift; sourceTree = "<group>"; };
		69A2D57E2AD29B7B00AF5262 /* Car1ViewController.swift */ = {isa = PBXFileReference; lastKnownFileType = sourcecode.swift; path = Car1ViewController.swift; sourceTree = "<group>"; };
		69BC7EBF2AD2C46B00BE97EF /* HouseReminderAddViewController.swift */ = {isa = PBXFileReference; lastKnownFileType = sourcecode.swift; path = HouseReminderAddViewController.swift; sourceTree = "<group>"; };
		69CD43A62AD2B8DF00F01F35 /* RemindersTableViewController.swift */ = {isa = PBXFileReference; lastKnownFileType = sourcecode.swift; path = RemindersTableViewController.swift; sourceTree = "<group>"; };
		69CD43A82AD2C25A00F01F35 /* PropertyTableViewController.swift */ = {isa = PBXFileReference; lastKnownFileType = sourcecode.swift; path = PropertyTableViewController.swift; sourceTree = "<group>"; };
/* End PBXFileReference section */

/* Begin PBXFrameworksBuildPhase section */
		69A28E1C2AD1EAF800C936AA /* Frameworks */ = {
			isa = PBXFrameworksBuildPhase;
			buildActionMask = 2147483647;
			files = (
			);
			runOnlyForDeploymentPostprocessing = 0;
		};
/* End PBXFrameworksBuildPhase section */

/* Begin PBXGroup section */
		69A28E162AD1EAF800C936AA = {
			isa = PBXGroup;
			children = (
				69A28E212AD1EAF800C936AA /* HackUTAProject */,
				69A28E202AD1EAF800C936AA /* Products */,
			);
			sourceTree = "<group>";
		};
		69A28E202AD1EAF800C936AA /* Products */ = {
			isa = PBXGroup;
			children = (
				69A28E1F2AD1EAF800C936AA /* HackUTAProject.app */,
			);
			name = Products;
			sourceTree = "<group>";
		};
		69A28E212AD1EAF800C936AA /* HackUTAProject */ = {
			isa = PBXGroup;
			children = (
				69A28E222AD1EAF800C936AA /* AppDelegate.swift */,
				69A28E242AD1EAF800C936AA /* SceneDelegate.swift */,
				69A2D5762AD23DB600AF5262 /* ConstantsAndFuncs.swift */,
				69A2D5782AD25C4100AF5262 /* ProfileTableViewController.swift */,
				69A2D57A2AD2787A00AF5262 /* AccountViewController.swift */,
				69A28E262AD1EAF800C936AA /* HomeViewController.swift */,
				69A28E382AD232EF00C936AA /* SearchTableViewController.swift */,
				69A2D5722AD23C1300AF5262 /* NotifViewController.swift */,
				69A28E282AD1EAF800C936AA /* Main.storyboard */,
				69BC7EBF2AD2C46B00BE97EF /* HouseReminderAddViewController.swift */,
				69CD43A82AD2C25A00F01F35 /* PropertyTableViewController.swift */,
				69CD43A62AD2B8DF00F01F35 /* RemindersTableViewController.swift */,
				69A2D57E2AD29B7B00AF5262 /* Car1ViewController.swift */,
				69A2D57C2AD2962100AF5262 /* VehiclesTableViewController.swift */,
				69A28E362AD22B2600C936AA /* HomeNavController.swift */,
				69A28E2B2AD1EAFB00C936AA /* Assets.xcassets */,
				69A28E2D2AD1EAFB00C936AA /* LaunchScreen.storyboard */,
				69A28E302AD1EAFB00C936AA /* Info.plist */,
			);
			path = HackUTAProject;
			sourceTree = "<group>";
		};
/* End PBXGroup section */

/* Begin PBXNativeTarget section */
		69A28E1E2AD1EAF800C936AA /* HackUTAProject */ = {
			isa = PBXNativeTarget;
			buildConfigurationList = 69A28E332AD1EAFB00C936AA /* Build configuration list for PBXNativeTarget "HackUTAProject" */;
			buildPhases = (
				69A28E1B2AD1EAF800C936AA /* Sources */,
				69A28E1C2AD1EAF800C936AA /* Frameworks */,
				69A28E1D2AD1EAF800C936AA /* Resources */,
			);
			buildRules = (
			);
			dependencies = (
			);
			name = HackUTAProject;
			productName = HackUTAProject;
			productReference = 69A28E1F2AD1EAF800C936AA /* HackUTAProject.app */;
			productType = "com.apple.product-type.application";
		};
/* End PBXNativeTarget section */

/* Begin PBXProject section */
		69A28E172AD1EAF800C936AA /* Project object */ = {
			isa = PBXProject;
			attributes = {
				BuildIndependentTargetsInParallel = 1;
				LastSwiftUpdateCheck = 1420;
				LastUpgradeCheck = 1420;
				TargetAttributes = {
					69A28E1E2AD1EAF800C936AA = {
						CreatedOnToolsVersion = 14.2;
					};
				};
			};
			buildConfigurationList = 69A28E1A2AD1EAF800C936AA /* Build configuration list for PBXProject "HackUTAProject" */;
			compatibilityVersion = "Xcode 14.0";
			developmentRegion = en;
			hasScannedForEncodings = 0;
			knownRegions = (
				en,
				Base,
			);
			mainGroup = 69A28E162AD1EAF800C936AA;
			productRefGroup = 69A28E202AD1EAF800C936AA /* Products */;
			projectDirPath = "";
			projectRoot = "";
			targets = (
				69A28E1E2AD1EAF800C936AA /* HackUTAProject */,
			);
		};
/* End PBXProject section */

/* Begin PBXResourcesBuildPhase section */
		69A28E1D2AD1EAF800C936AA /* Resources */ = {
			isa = PBXResourcesBuildPhase;
			buildActionMask = 2147483647;
			files = (
				69A28E2F2AD1EAFB00C936AA /* LaunchScreen.storyboard in Resources */,
				69A28E2C2AD1EAFB00C936AA /* Assets.xcassets in Resources */,
				69A28E2A2AD1EAF800C936AA /* Main.storyboard in Resources */,
			);
			runOnlyForDeploymentPostprocessing = 0;
		};
/* End PBXResourcesBuildPhase section */

/* Begin PBXSourcesBuildPhase section */
		69A28E1B2AD1EAF800C936AA /* Sources */ = {
			isa = PBXSourcesBuildPhase;
			buildActionMask = 2147483647;
			files = (
				69A2D57D2AD2962100AF5262 /* VehiclesTableViewController.swift in Sources */,
				69A28E392AD232F000C936AA /* SearchTableViewController.swift in Sources */,
				69A2D5772AD23DB600AF5262 /* ConstantsAndFuncs.swift in Sources */,
				69A2D57F2AD29B7B00AF5262 /* Car1ViewController.swift in Sources */,
				69A28E372AD22B2600C936AA /* HomeNavController.swift in Sources */,
				69A28E272AD1EAF800C936AA /* HomeViewController.swift in Sources */,
				69A2D5732AD23C1300AF5262 /* NotifViewController.swift in Sources */,
				69BC7EC02AD2C46B00BE97EF /* HouseReminderAddViewController.swift in Sources */,
				69A28E232AD1EAF800C936AA /* AppDelegate.swift in Sources */,
				69A2D5792AD25C4100AF5262 /* ProfileTableViewController.swift in Sources */,
				69A28E252AD1EAF800C936AA /* SceneDelegate.swift in Sources */,
				69A2D57B2AD2787A00AF5262 /* AccountViewController.swift in Sources */,
				69CD43A72AD2B8DF00F01F35 /* RemindersTableViewController.swift in Sources */,
				69CD43A92AD2C25A00F01F35 /* PropertyTableViewController.swift in Sources */,
			);
			runOnlyForDeploymentPostprocessing = 0;
		};
/* End PBXSourcesBuildPhase section */

/* Begin PBXVariantGroup section */
		69A28E282AD1EAF800C936AA /* Main.storyboard */ = {
			isa = PBXVariantGroup;
			children = (
				69A28E292AD1EAF800C936AA /* Base */,
			);
			name = Main.storyboard;
			sourceTree = "<group>";
		};
		69A28E2D2AD1EAFB00C936AA /* LaunchScreen.storyboard */ = {
			isa = PBXVariantGroup;
			children = (
				69A28E2E2AD1EAFB00C936AA /* Base */,
			);
			name = LaunchScreen.storyboard;
			sourceTree = "<group>";
		};
/* End PBXVariantGroup section */

/* Begin XCBuildConfiguration section */
		69A28E312AD1EAFB00C936AA /* Debug */ = {
			isa = XCBuildConfiguration;
			buildSettings = {
				ALWAYS_SEARCH_USER_PATHS = NO;
				CLANG_ANALYZER_NONNULL = YES;
				CLANG_ANALYZER_NUMBER_OBJECT_CONVERSION = YES_AGGRESSIVE;
				CLANG_CXX_LANGUAGE_STANDARD = "gnu++20";
				CLANG_ENABLE_MODULES = YES;
				CLANG_ENABLE_OBJC_ARC = YES;
				CLANG_ENABLE_OBJC_WEAK = YES;
				CLANG_WARN_BLOCK_CAPTURE_AUTORELEASING = YES;
				CLANG_WARN_BOOL_CONVERSION = YES;
				CLANG_WARN_COMMA = YES;
				CLANG_WARN_CONSTANT_CONVERSION = YES;
				CLANG_WARN_DEPRECATED_OBJC_IMPLEMENTATIONS = YES;
				CLANG_WARN_DIRECT_OBJC_ISA_USAGE = YES_ERROR;
				CLANG_WARN_DOCUMENTATION_COMMENTS = YES;
				CLANG_WARN_EMPTY_BODY = YES;
				CLANG_WARN_ENUM_CONVERSION = YES;
				CLANG_WARN_INFINITE_RECURSION = YES;
				CLANG_WARN_INT_CONVERSION = YES;
				CLANG_WARN_NON_LITERAL_NULL_CONVERSION = YES;
				CLANG_WARN_OBJC_IMPLICIT_RETAIN_SELF = YES;
				CLANG_WARN_OBJC_LITERAL_CONVERSION = YES;
				CLANG_WARN_OBJC_ROOT_CLASS = YES_ERROR;
				CLANG_WARN_QUOTED_INCLUDE_IN_FRAMEWORK_HEADER = YES;
				CLANG_WARN_RANGE_LOOP_ANALYSIS = YES;
				CLANG_WARN_STRICT_PROTOTYPES = YES;
				CLANG_WARN_SUSPICIOUS_MOVE = YES;
				CLANG_WARN_UNGUARDED_AVAILABILITY = YES_AGGRESSIVE;
				CLANG_WARN_UNREACHABLE_CODE = YES;
				CLANG_WARN__DUPLICATE_METHOD_MATCH = YES;
				COPY_PHASE_STRIP = NO;
				DEBUG_INFORMATION_FORMAT = dwarf;
				ENABLE_STRICT_OBJC_MSGSEND = YES;
				ENABLE_TESTABILITY = YES;
				GCC_C_LANGUAGE_STANDARD = gnu11;
				GCC_DYNAMIC_NO_PIC = NO;
				GCC_NO_COMMON_BLOCKS = YES;
				GCC_OPTIMIZATION_LEVEL = 0;
				GCC_PREPROCESSOR_DEFINITIONS = (
					"DEBUG=1",
					"$(inherited)",
				);
				GCC_WARN_64_TO_32_BIT_CONVERSION = YES;
				GCC_WARN_ABOUT_RETURN_TYPE = YES_ERROR;
				GCC_WARN_UNDECLARED_SELECTOR = YES;
				GCC_WARN_UNINITIALIZED_AUTOS = YES_AGGRESSIVE;
				GCC_WARN_UNUSED_FUNCTION = YES;
				GCC_WARN_UNUSED_VARIABLE = YES;
				IPHONEOS_DEPLOYMENT_TARGET = 16.2;
				MTL_ENABLE_DEBUG_INFO = INCLUDE_SOURCE;
				MTL_FAST_MATH = YES;
				ONLY_ACTIVE_ARCH = YES;
				SDKROOT = iphoneos;
				SWIFT_ACTIVE_COMPILATION_CONDITIONS = DEBUG;
				SWIFT_OPTIMIZATION_LEVEL = "-Onone";
			};
			name = Debug;
		};
		69A28E322AD1EAFB00C936AA /* Release */ = {
			isa = XCBuildConfiguration;
			buildSettings = {
				ALWAYS_SEARCH_USER_PATHS = NO;
				CLANG_ANALYZER_NONNULL = YES;
				CLANG_ANALYZER_NUMBER_OBJECT_CONVERSION = YES_AGGRESSIVE;
				CLANG_CXX_LANGUAGE_STANDARD = "gnu++20";
				CLANG_ENABLE_MODULES = YES;
				CLANG_ENABLE_OBJC_ARC = YES;
				CLANG_ENABLE_OBJC_WEAK = YES;
				CLANG_WARN_BLOCK_CAPTURE_AUTORELEASING = YES;
				CLANG_WARN_BOOL_CONVERSION = YES;
				CLANG_WARN_COMMA = YES;
				CLANG_WARN_CONSTANT_CONVERSION = YES;
				CLANG_WARN_DEPRECATED_OBJC_IMPLEMENTATIONS = YES;
				CLANG_WARN_DIRECT_OBJC_ISA_USAGE = YES_ERROR;
				CLANG_WARN_DOCUMENTATION_COMMENTS = YES;
				CLANG_WARN_EMPTY_BODY = YES;
				CLANG_WARN_ENUM_CONVERSION = YES;
				CLANG_WARN_INFINITE_RECURSION = YES;
				CLANG_WARN_INT_CONVERSION = YES;
				CLANG_WARN_NON_LITERAL_NULL_CONVERSION = YES;
				CLANG_WARN_OBJC_IMPLICIT_RETAIN_SELF = YES;
				CLANG_WARN_OBJC_LITERAL_CONVERSION = YES;
				CLANG_WARN_OBJC_ROOT_CLASS = YES_ERROR;
				CLANG_WARN_QUOTED_INCLUDE_IN_FRAMEWORK_HEADER = YES;
				CLANG_WARN_RANGE_LOOP_ANALYSIS = YES;
				CLANG_WARN_STRICT_PROTOTYPES = YES;
				CLANG_WARN_SUSPICIOUS_MOVE = YES;
				CLANG_WARN_UNGUARDED_AVAILABILITY = YES_AGGRESSIVE;
				CLANG_WARN_UNREACHABLE_CODE = YES;
				CLANG_WARN__DUPLICATE_METHOD_MATCH = YES;
				COPY_PHASE_STRIP = NO;
				DEBUG_INFORMATION_FORMAT = "dwarf-with-dsym";
				ENABLE_NS_ASSERTIONS = NO;
				ENABLE_STRICT_OBJC_MSGSEND = YES;
				GCC_C_LANGUAGE_STANDARD = gnu11;
				GCC_NO_COMMON_BLOCKS = YES;
				GCC_WARN_64_TO_32_BIT_CONVERSION = YES;
				GCC_WARN_ABOUT_RETURN_TYPE = YES_ERROR;
				GCC_WARN_UNDECLARED_SELECTOR = YES;
				GCC_WARN_UNINITIALIZED_AUTOS = YES_AGGRESSIVE;
				GCC_WARN_UNUSED_FUNCTION = YES;
				GCC_WARN_UNUSED_VARIABLE = YES;
				IPHONEOS_DEPLOYMENT_TARGET = 16.2;
				MTL_ENABLE_DEBUG_INFO = NO;
				MTL_FAST_MATH = YES;
				SDKROOT = iphoneos;
				SWIFT_COMPILATION_MODE = wholemodule;
				SWIFT_OPTIMIZATION_LEVEL = "-O";
				VALIDATE_PRODUCT = YES;
			};
			name = Release;
		};
		69A28E342AD1EAFB00C936AA /* Debug */ = {
			isa = XCBuildConfiguration;
			buildSettings = {
				ASSETCATALOG_COMPILER_APPICON_NAME = AppIcon;
				ASSETCATALOG_COMPILER_GLOBAL_ACCENT_COLOR_NAME = AccentColor;
				CODE_SIGN_STYLE = Automatic;
				CURRENT_PROJECT_VERSION = 1;
				DEVELOPMENT_TEAM = LSQF3Y27V3;
				GENERATE_INFOPLIST_FILE = YES;
				INFOPLIST_FILE = HackUTAProject/Info.plist;
				INFOPLIST_KEY_CFBundleDisplayName = "Life Upkeep";
				INFOPLIST_KEY_UIApplicationSupportsIndirectInputEvents = YES;
				INFOPLIST_KEY_UILaunchStoryboardName = LaunchScreen;
				INFOPLIST_KEY_UIMainStoryboardFile = Main;
				INFOPLIST_KEY_UISupportedInterfaceOrientations = UIInterfaceOrientationPortrait;
				INFOPLIST_KEY_UISupportedInterfaceOrientations_iPad = "UIInterfaceOrientationLandscapeLeft UIInterfaceOrientationLandscapeRight UIInterfaceOrientationPortrait UIInterfaceOrientationPortraitUpsideDown";
				IPHONEOS_DEPLOYMENT_TARGET = 16.2;
				LD_RUNPATH_SEARCH_PATHS = (
					"$(inherited)",
					"@executable_path/Frameworks",
				);
				MARKETING_VERSION = 1.0;
				PRODUCT_BUNDLE_IDENTIFIER = com.ashwinindurti.HackUTAProject;
				PRODUCT_NAME = "$(TARGET_NAME)";
				SWIFT_EMIT_LOC_STRINGS = YES;
				SWIFT_VERSION = 5.0;
				TARGETED_DEVICE_FAMILY = "1,2";
			};
			name = Debug;
		};
		69A28E352AD1EAFB00C936AA /* Release */ = {
			isa = XCBuildConfiguration;
			buildSettings = {
				ASSETCATALOG_COMPILER_APPICON_NAME = AppIcon;
				ASSETCATALOG_COMPILER_GLOBAL_ACCENT_COLOR_NAME = AccentColor;
				CODE_SIGN_STYLE = Automatic;
				CURRENT_PROJECT_VERSION = 1;
				DEVELOPMENT_TEAM = LSQF3Y27V3;
				GENERATE_INFOPLIST_FILE = YES;
				INFOPLIST_FILE = HackUTAProject/Info.plist;
				INFOPLIST_KEY_CFBundleDisplayName = "Life Upkeep";
				INFOPLIST_KEY_UIApplicationSupportsIndirectInputEvents = YES;
				INFOPLIST_KEY_UILaunchStoryboardName = LaunchScreen;
				INFOPLIST_KEY_UIMainStoryboardFile = Main;
				INFOPLIST_KEY_UISupportedInterfaceOrientations = UIInterfaceOrientationPortrait;
				INFOPLIST_KEY_UISupportedInterfaceOrientations_iPad = "UIInterfaceOrientationLandscapeLeft UIInterfaceOrientationLandscapeRight UIInterfaceOrientationPortrait UIInterfaceOrientationPortraitUpsideDown";
				IPHONEOS_DEPLOYMENT_TARGET = 16.2;
				LD_RUNPATH_SEARCH_PATHS = (
					"$(inherited)",
					"@executable_path/Frameworks",
				);
				MARKETING_VERSION = 1.0;
				PRODUCT_BUNDLE_IDENTIFIER = com.ashwinindurti.HackUTAProject;
				PRODUCT_NAME = "$(TARGET_NAME)";
				SWIFT_EMIT_LOC_STRINGS = YES;
				SWIFT_VERSION = 5.0;
				TARGETED_DEVICE_FAMILY = "1,2";
			};
			name = Release;
		};
/* End XCBuildConfiguration section */

/* Begin XCConfigurationList section */
		69A28E1A2AD1EAF800C936AA /* Build configuration list for PBXProject "HackUTAProject" */ = {
			isa = XCConfigurationList;
			buildConfigurations = (
				69A28E312AD1EAFB00C936AA /* Debug */,
				69A28E322AD1EAFB00C936AA /* Release */,
			);
			defaultConfigurationIsVisible = 0;
			defaultConfigurationName = Release;
		};
		69A28E332AD1EAFB00C936AA /* Build configuration list for PBXNativeTarget "HackUTAProject" */ = {
			isa = XCConfigurationList;
			buildConfigurations = (
				69A28E342AD1EAFB00C936AA /* Debug */,
				69A28E352AD1EAFB00C936AA /* Release */,
			);
			defaultConfigurationIsVisible = 0;
			defaultConfigurationName = Release;
		};
/* End XCConfigurationList section */
	};
	rootObject = 69A28E172AD1EAF800C936AA /* Project object */;
}
